// !$*UTF8*$!
{
	archiveVersion = 1;
	classes = {
	};
	objectVersion = 51;
	objects = {

/* Begin PBXBuildFile section */
		141140DB2763743200814984 /* DynamicLabelSize.swift in Sources */ = {isa = PBXBuildFile; fileRef = 141140DA2763743200814984 /* DynamicLabelSize.swift */; };
		61FF2EA327382D9900AD0E4C /* AppDelegate.swift in Sources */ = {isa = PBXBuildFile; fileRef = 61FF2EA227382D9900AD0E4C /* AppDelegate.swift */; };
		61FF2EA727382D9900AD0E4C /* CustomController.swift in Sources */ = {isa = PBXBuildFile; fileRef = 61FF2EA627382D9900AD0E4C /* CustomController.swift */; };
		61FF2EA927382D9C00AD0E4C /* Assets.xcassets in Resources */ = {isa = PBXBuildFile; fileRef = 61FF2EA827382D9C00AD0E4C /* Assets.xcassets */; };
		61FF2EAC27382D9C00AD0E4C /* Preview Assets.xcassets in Resources */ = {isa = PBXBuildFile; fileRef = 61FF2EAB27382D9C00AD0E4C /* Preview Assets.xcassets */; };
		E3B20819E2CE7C1A11EB00B7 /* Pods_1.framework in Frameworks */ = {isa = PBXBuildFile; fileRef = 2B8F0CAB2E0BB87BF5049CD1 /* Pods_1.framework */; };
/* End PBXBuildFile section */

/* Begin PBXFileReference section */
		141140DA2763743200814984 /* DynamicLabelSize.swift */ = {isa = PBXFileReference; lastKnownFileType = sourcecode.swift; path = DynamicLabelSize.swift; sourceTree = "<group>"; };
		2B8F0CAB2E0BB87BF5049CD1 /* Pods_1.framework */ = {isa = PBXFileReference; explicitFileType = wrapper.framework; includeInIndex = 0; path = Pods_1.framework; sourceTree = BUILT_PRODUCTS_DIR; };
		61FF2E9F27382D9900AD0E4C /* 1.app */ = {isa = PBXFileReference; explicitFileType = wrapper.application; includeInIndex = 0; path = 1.app; sourceTree = BUILT_PRODUCTS_DIR; };
		61FF2EA227382D9900AD0E4C /* AppDelegate.swift */ = {isa = PBXFileReference; lastKnownFileType = sourcecode.swift; path = AppDelegate.swift; sourceTree = "<group>"; };
		61FF2EA627382D9900AD0E4C /* CustomController.swift */ = {isa = PBXFileReference; lastKnownFileType = sourcecode.swift; path = CustomController.swift; sourceTree = "<group>"; };
		61FF2EA827382D9C00AD0E4C /* Assets.xcassets */ = {isa = PBXFileReference; lastKnownFileType = folder.assetcatalog; path = Assets.xcassets; sourceTree = "<group>"; };
		61FF2EAB27382D9C00AD0E4C /* Preview Assets.xcassets */ = {isa = PBXFileReference; lastKnownFileType = folder.assetcatalog; path = "Preview Assets.xcassets"; sourceTree = "<group>"; };
		61FF2EB027382D9C00AD0E4C /* Info.plist */ = {isa = PBXFileReference; lastKnownFileType = text.plist.xml; path = Info.plist; sourceTree = "<group>"; };
		77BE4B0C1026F90AE500A25C /* Pods-1.debug.xcconfig */ = {isa = PBXFileReference; includeInIndex = 1; lastKnownFileType = text.xcconfig; name = "Pods-1.debug.xcconfig"; path = "Target Support Files/Pods-1/Pods-1.debug.xcconfig"; sourceTree = "<group>"; };
		D73F3465BA9CDB87B5A0974A /* Pods-1.release.xcconfig */ = {isa = PBXFileReference; includeInIndex = 1; lastKnownFileType = text.xcconfig; name = "Pods-1.release.xcconfig"; path = "Target Support Files/Pods-1/Pods-1.release.xcconfig"; sourceTree = "<group>"; };
/* End PBXFileReference section */

/* Begin PBXFrameworksBuildPhase section */
		61FF2E9C27382D9900AD0E4C /* Frameworks */ = {
			isa = PBXFrameworksBuildPhase;
			buildActionMask = 2147483647;
			files = (
				E3B20819E2CE7C1A11EB00B7 /* Pods_1.framework in Frameworks */,
			);
			runOnlyForDeploymentPostprocessing = 0;
		};
/* End PBXFrameworksBuildPhase section */

/* Begin PBXGroup section */
		61FF2E9627382D9900AD0E4C = {
			isa = PBXGroup;
			children = (
				61FF2EA127382D9900AD0E4C /* 1 */,
				61FF2EA027382D9900AD0E4C /* Products */,
				97ECF2E7F8F6D3250868BD92 /* Pods */,
				92496BC14205A4074433CC62 /* Frameworks */,
			);
			sourceTree = "<group>";
		};
		61FF2EA027382D9900AD0E4C /* Products */ = {
			isa = PBXGroup;
			children = (
				61FF2E9F27382D9900AD0E4C /* 1.app */,
			);
			name = Products;
			sourceTree = "<group>";
		};
		61FF2EA127382D9900AD0E4C /* 1 */ = {
			isa = PBXGroup;
			children = (
				61FF2EA227382D9900AD0E4C /* AppDelegate.swift */,
				61FF2EA627382D9900AD0E4C /* CustomController.swift */,
				61FF2EA827382D9C00AD0E4C /* Assets.xcassets */,
				61FF2EB027382D9C00AD0E4C /* Info.plist */,
				61FF2EAA27382D9C00AD0E4C /* Preview Content */,
				141140DA2763743200814984 /* DynamicLabelSize.swift */,
			);
			path = 1;
			sourceTree = "<group>";
		};
		61FF2EAA27382D9C00AD0E4C /* Preview Content */ = {
			isa = PBXGroup;
			children = (
				61FF2EAB27382D9C00AD0E4C /* Preview Assets.xcassets */,
			);
			path = "Preview Content";
			sourceTree = "<group>";
		};
		92496BC14205A4074433CC62 /* Frameworks */ = {
			isa = PBXGroup;
			children = (
				2B8F0CAB2E0BB87BF5049CD1 /* Pods_1.framework */,
			);
			name = Frameworks;
			sourceTree = "<group>";
		};
		97ECF2E7F8F6D3250868BD92 /* Pods */ = {
			isa = PBXGroup;
			children = (
				77BE4B0C1026F90AE500A25C /* Pods-1.debug.xcconfig */,
				D73F3465BA9CDB87B5A0974A /* Pods-1.release.xcconfig */,
			);
			path = Pods;
			sourceTree = "<group>";
		};
/* End PBXGroup section */

/* Begin PBXNativeTarget section */
		61FF2E9E27382D9900AD0E4C /* 1 */ = {
			isa = PBXNativeTarget;
			buildConfigurationList = 61FF2EB327382D9C00AD0E4C /* Build configuration list for PBXNativeTarget "1" */;
			buildPhases = (
				E9A9C2C71E696FC2439D12C7 /* [CP] Check Pods Manifest.lock */,
				61FF2E9B27382D9900AD0E4C /* Sources */,
				61FF2E9C27382D9900AD0E4C /* Frameworks */,
				61FF2E9D27382D9900AD0E4C /* Resources */,
				9E2D0A254586E3E642D330EA /* [CP] Embed Pods Frameworks */,
			);
			buildRules = (
			);
			dependencies = (
			);
			name = 1;
			productName = 1;
			productReference = 61FF2E9F27382D9900AD0E4C /* 1.app */;
			productType = "com.apple.product-type.application";
		};
/* End PBXNativeTarget section */

/* Begin PBXProject section */
		61FF2E9727382D9900AD0E4C /* Project object */ = {
			isa = PBXProject;
			attributes = {
				LastSwiftUpdateCheck = 1150;
				LastUpgradeCheck = 1150;
				ORGANIZATIONNAME = "Melanie Kofman";
				TargetAttributes = {
					61FF2E9E27382D9900AD0E4C = {
						CreatedOnToolsVersion = 11.5;
					};
				};
			};
			buildConfigurationList = 61FF2E9A27382D9900AD0E4C /* Build configuration list for PBXProject "1" */;
			compatibilityVersion = "Xcode 9.3";
			developmentRegion = en;
			hasScannedForEncodings = 0;
			knownRegions = (
				en,
				Base,
			);
			mainGroup = 61FF2E9627382D9900AD0E4C;
			productRefGroup = 61FF2EA027382D9900AD0E4C /* Products */;
			projectDirPath = "";
			projectRoot = "";
			targets = (
				61FF2E9E27382D9900AD0E4C /* 1 */,
			);
		};
/* End PBXProject section */

/* Begin PBXResourcesBuildPhase section */
		61FF2E9D27382D9900AD0E4C /* Resources */ = {
			isa = PBXResourcesBuildPhase;
			buildActionMask = 2147483647;
			files = (
				61FF2EAC27382D9C00AD0E4C /* Preview Assets.xcassets in Resources */,
				61FF2EA927382D9C00AD0E4C /* Assets.xcassets in Resources */,
			);
			runOnlyForDeploymentPostprocessing = 0;
		};
/* End PBXResourcesBuildPhase section */

/* Begin PBXShellScriptBuildPhase section */
		9E2D0A254586E3E642D330EA /* [CP] Embed Pods Frameworks */ = {
			isa = PBXShellScriptBuildPhase;
			buildActionMask = 2147483647;
			files = (
			);
			inputFileListPaths = (
				"${PODS_ROOT}/Target Support Files/Pods-1/Pods-1-frameworks-${CONFIGURATION}-input-files.xcfilelist",
			);
			name = "[CP] Embed Pods Frameworks";
			outputFileListPaths = (
				"${PODS_ROOT}/Target Support Files/Pods-1/Pods-1-frameworks-${CONFIGURATION}-output-files.xcfilelist",
			);
			runOnlyForDeploymentPostprocessing = 0;
			shellPath = /bin/sh;
			shellScript = "\"${PODS_ROOT}/Target Support Files/Pods-1/Pods-1-frameworks.sh\"\n";
			showEnvVarsInLog = 0;
		};
		E9A9C2C71E696FC2439D12C7 /* [CP] Check Pods Manifest.lock */ = {
			isa = PBXShellScriptBuildPhase;
			buildActionMask = 2147483647;
			files = (
			);
			inputFileListPaths = (
			);
			inputPaths = (
				"${PODS_PODFILE_DIR_PATH}/Podfile.lock",
				"${PODS_ROOT}/Manifest.lock",
			);
			name = "[CP] Check Pods Manifest.lock";
			outputFileListPaths = (
			);
			outputPaths = (
				"$(DERIVED_FILE_DIR)/Pods-1-checkManifestLockResult.txt",
			);
			runOnlyForDeploymentPostprocessing = 0;
			shellPath = /bin/sh;
			shellScript = "diff \"${PODS_PODFILE_DIR_PATH}/Podfile.lock\" \"${PODS_ROOT}/Manifest.lock\" > /dev/null\nif [ $? != 0 ] ; then\n    # print error to STDERR\n    echo \"error: The sandbox is not in sync with the Podfile.lock. Run 'pod install' or update your CocoaPods installation.\" >&2\n    exit 1\nfi\n# This output is used by Xcode 'outputs' to avoid re-running this script phase.\necho \"SUCCESS\" > \"${SCRIPT_OUTPUT_FILE_0}\"\n";
			showEnvVarsInLog = 0;
		};
/* End PBXShellScriptBuildPhase section */

/* Begin PBXSourcesBuildPhase section */
		61FF2E9B27382D9900AD0E4C /* Sources */ = {
			isa = PBXSourcesBuildPhase;
			buildActionMask = 2147483647;
			files = (
				141140DB2763743200814984 /* DynamicLabelSize.swift in Sources */,
				61FF2EA327382D9900AD0E4C /* AppDelegate.swift in Sources */,
				61FF2EA727382D9900AD0E4C /* CustomController.swift in Sources */,
			);
			runOnlyForDeploymentPostprocessing = 0;
		};
/* End PBXSourcesBuildPhase section */

/* Begin XCBuildConfiguration section */
		61FF2EB127382D9C00AD0E4C /* Debug */ = {
			isa = XCBuildConfiguration;
			buildSettings = {
				ALWAYS_SEARCH_USER_PATHS = NO;
				CLANG_ANALYZER_NONNULL = YES;
				CLANG_ANALYZER_NUMBER_OBJECT_CONVERSION = YES_AGGRESSIVE;
				CLANG_CXX_LANGUAGE_STANDARD = "gnu++14";
				CLANG_CXX_LIBRARY = "libc++";
				CLANG_ENABLE_MODULES = YES;
				CLANG_ENABLE_OBJC_ARC = YES;
				CLANG_ENABLE_OBJC_WEAK = YES;
				CLANG_WARN_BLOCK_CAPTURE_AUTORELEASING = YES;
				CLANG_WARN_BOOL_CONVERSION = YES;
				CLANG_WARN_COMMA = YES;
				CLANG_WARN_CONSTANT_CONVERSION = YES;
				CLANG_WARN_DEPRECATED_OBJC_IMPLEMENTATIONS = YES;
				CLANG_WARN_DIRECT_OBJC_ISA_USAGE = YES_ERROR;
				CLANG_WARN_DOCUMENTATION_COMMENTS = YES;
				CLANG_WARN_EMPTY_BODY = YES;
				CLANG_WARN_ENUM_CONVERSION = YES;
				CLANG_WARN_INFINITE_RECURSION = YES;
				CLANG_WARN_INT_CONVERSION = YES;
				CLANG_WARN_NON_LITERAL_NULL_CONVERSION = YES;
				CLANG_WARN_OBJC_IMPLICIT_RETAIN_SELF = YES;
				CLANG_WARN_OBJC_LITERAL_CONVERSION = YES;
				CLANG_WARN_OBJC_ROOT_CLASS = YES_ERROR;
				CLANG_WARN_RANGE_LOOP_ANALYSIS = YES;
				CLANG_WARN_STRICT_PROTOTYPES = YES;
				CLANG_WARN_SUSPICIOUS_MOVE = YES;
				CLANG_WARN_UNGUARDED_AVAILABILITY = YES_AGGRESSIVE;
				CLANG_WARN_UNREACHABLE_CODE = YES;
				CLANG_WARN__DUPLICATE_METHOD_MATCH = YES;
				COPY_PHASE_STRIP = NO;
				DEBUG_INFORMATION_FORMAT = dwarf;
				ENABLE_STRICT_OBJC_MSGSEND = YES;
				ENABLE_TESTABILITY = YES;
				GCC_C_LANGUAGE_STANDARD = gnu11;
				GCC_DYNAMIC_NO_PIC = NO;
				GCC_NO_COMMON_BLOCKS = YES;
				GCC_OPTIMIZATION_LEVEL = 0;
				GCC_PREPROCESSOR_DEFINITIONS = (
					"DEBUG=1",
					"$(inherited)",
				);
				GCC_WARN_64_TO_32_BIT_CONVERSION = YES;
				GCC_WARN_ABOUT_RETURN_TYPE = YES_ERROR;
				GCC_WARN_UNDECLARED_SELECTOR = YES;
				GCC_WARN_UNINITIALIZED_AUTOS = YES_AGGRESSIVE;
				GCC_WARN_UNUSED_FUNCTION = YES;
				GCC_WARN_UNUSED_VARIABLE = YES;
				IPHONEOS_DEPLOYMENT_TARGET = 13.5;
				MTL_ENABLE_DEBUG_INFO = INCLUDE_SOURCE;
				MTL_FAST_MATH = YES;
				ONLY_ACTIVE_ARCH = YES;
				SDKROOT = iphoneos;
				SWIFT_ACTIVE_COMPILATION_CONDITIONS = DEBUG;
				SWIFT_OPTIMIZATION_LEVEL = "-Onone";
			};
			name = Debug;
		};
		61FF2EB227382D9C00AD0E4C /* Release */ = {
			isa = XCBuildConfiguration;
			buildSettings = {
				ALWAYS_SEARCH_USER_PATHS = NO;
				CLANG_ANALYZER_NONNULL = YES;
				CLANG_ANALYZER_NUMBER_OBJECT_CONVERSION = YES_AGGRESSIVE;
				CLANG_CXX_LANGUAGE_STANDARD = "gnu++14";
				CLANG_CXX_LIBRARY = "libc++";
				CLANG_ENABLE_MODULES = YES;
				CLANG_ENABLE_OBJC_ARC = YES;
				CLANG_ENABLE_OBJC_WEAK = YES;
				CLANG_WARN_BLOCK_CAPTURE_AUTORELEASING = YES;
				CLANG_WARN_BOOL_CONVERSION = YES;
				CLANG_WARN_COMMA = YES;
				CLANG_WARN_CONSTANT_CONVERSION = YES;
				CLANG_WARN_DEPRECATED_OBJC_IMPLEMENTATIONS = YES;
				CLANG_WARN_DIRECT_OBJC_ISA_USAGE = YES_ERROR;
				CLANG_WARN_DOCUMENTATION_COMMENTS = YES;
				CLANG_WARN_EMPTY_BODY = YES;
				CLANG_WARN_ENUM_CONVERSION = YES;
				CLANG_WARN_INFINITE_RECURSION = YES;
				CLANG_WARN_INT_CONVERSION = YES;
				CLANG_WARN_NON_LITERAL_NULL_CONVERSION = YES;
				CLANG_WARN_OBJC_IMPLICIT_RETAIN_SELF = YES;
				CLANG_WARN_OBJC_LITERAL_CONVERSION = YES;
				CLANG_WARN_OBJC_ROOT_CLASS = YES_ERROR;
				CLANG_WARN_RANGE_LOOP_ANALYSIS = YES;
				CLANG_WARN_STRICT_PROTOTYPES = YES;
				CLANG_WARN_SUSPICIOUS_MOVE = YES;
				CLANG_WARN_UNGUARDED_AVAILABILITY = YES_AGGRESSIVE;
				CLANG_WARN_UNREACHABLE_CODE = YES;
				CLANG_WARN__DUPLICATE_METHOD_MATCH = YES;
				COPY_PHASE_STRIP = NO;
				DEBUG_INFORMATION_FORMAT = "dwarf-with-dsym";
				ENABLE_NS_ASSERTIONS = NO;
				ENABLE_STRICT_OBJC_MSGSEND = YES;
				GCC_C_LANGUAGE_STANDARD = gnu11;
				GCC_NO_COMMON_BLOCKS = YES;
				GCC_WARN_64_TO_32_BIT_CONVERSION = YES;
				GCC_WARN_ABOUT_RETURN_TYPE = YES_ERROR;
				GCC_WARN_UNDECLARED_SELECTOR = YES;
				GCC_WARN_UNINITIALIZED_AUTOS = YES_AGGRESSIVE;
				GCC_WARN_UNUSED_FUNCTION = YES;
				GCC_WARN_UNUSED_VARIABLE = YES;
				IPHONEOS_DEPLOYMENT_TARGET = 13.5;
				MTL_ENABLE_DEBUG_INFO = NO;
				MTL_FAST_MATH = YES;
				SDKROOT = iphoneos;
				SWIFT_COMPILATION_MODE = wholemodule;
				SWIFT_OPTIMIZATION_LEVEL = "-O";
				VALIDATE_PRODUCT = YES;
			};
			name = Release;
		};
		61FF2EB427382D9C00AD0E4C /* Debug */ = {
			isa = XCBuildConfiguration;
			baseConfigurationReference = 77BE4B0C1026F90AE500A25C /* Pods-1.debug.xcconfig */;
			buildSettings = {
				ASSETCATALOG_COMPILER_APPICON_NAME = AppIcon;
				CODE_SIGN_STYLE = Automatic;
				DEVELOPMENT_ASSET_PATHS = "\"1/Preview Content\"";
				DEVELOPMENT_TEAM = H3Y5NBPCRW;
				ENABLE_PREVIEWS = YES;
				INFOPLIST_FILE = 1/Info.plist;
				IPHONEOS_DEPLOYMENT_TARGET = 12.0;
				LD_RUNPATH_SEARCH_PATHS = (
					"$(inherited)",
					"@executable_path/Frameworks",
				);
				PRODUCT_BUNDLE_IDENTIFIER = "mel.-";
				PRODUCT_NAME = "$(TARGET_NAME)";
				SWIFT_VERSION = 5.0;
				TARGETED_DEVICE_FAMILY = 1;
			};
			name = Debug;
		};
		61FF2EB527382D9C00AD0E4C /* Release */ = {
			isa = XCBuildConfiguration;
			baseConfigurationReference = D73F3465BA9CDB87B5A0974A /* Pods-1.release.xcconfig */;
			buildSettings = {
				ASSETCATALOG_COMPILER_APPICON_NAME = AppIcon;
				CODE_SIGN_STYLE = Automatic;
				DEVELOPMENT_ASSET_PATHS = "\"1/Preview Content\"";
				DEVELOPMENT_TEAM = H3Y5NBPCRW;
				ENABLE_PREVIEWS = YES;
				INFOPLIST_FILE = 1/Info.plist;
				IPHONEOS_DEPLOYMENT_TARGET = 12.0;
				LD_RUNPATH_SEARCH_PATHS = (
					"$(inherited)",
					"@executable_path/Frameworks",
				);
				PRODUCT_BUNDLE_IDENTIFIER = "mel.-";
				PRODUCT_NAME = "$(TARGET_NAME)";
				SWIFT_VERSION = 5.0;
				TARGETED_DEVICE_FAMILY = 1;
			};
			name = Release;
		};
/* End XCBuildConfiguration section */

/* Begin XCConfigurationList section */
		61FF2E9A27382D9900AD0E4C /* Build configuration list for PBXProject "1" */ = {
			isa = XCConfigurationList;
			buildConfigurations = (
				61FF2EB127382D9C00AD0E4C /* Debug */,
				61FF2EB227382D9C00AD0E4C /* Release */,
			);
			defaultConfigurationIsVisible = 0;
			defaultConfigurationName = Release;
		};
		61FF2EB327382D9C00AD0E4C /* Build configuration list for PBXNativeTarget "1" */ = {
			isa = XCConfigurationList;
			buildConfigurations = (
				61FF2EB427382D9C00AD0E4C /* Debug */,
				61FF2EB527382D9C00AD0E4C /* Release */,
			);
			defaultConfigurationIsVisible = 0;
			defaultConfigurationName = Release;
		};
/* End XCConfigurationList section */
	};
	rootObject = 61FF2E9727382D9900AD0E4C /* Project object */;
}
